# This file was autogenerated by Stack.
# You should not edit this file by hand.
# For more information, please see the documentation at:
#   https://docs.haskellstack.org/en/stable/lock_files

packages:
- completed:
    hackage: z3-408.2@sha256:1f8b6ccbcc6d06a6701900a09fcfcbaf86ed8a8495615710bef4da5cdb073a3f,4226
    pantry-tree:
      sha256: e8562391054f4e07035ab25e1c7ecfba687a46e15aefee4c588b6434dc0b93d8
      size: 1476
  original:
    hackage: z3-408.2@sha256:1f8b6ccbcc6d06a6701900a09fcfcbaf86ed8a8495615710bef4da5cdb073a3f,4226
snapshots:
- completed:
    sha256: 56ef9e03804cb4827866e762dc9752eeb392adda8f4811690da110dd9a165b9e
    size: 714105
    url: https://raw.githubusercontent.com/commercialhaskell/stackage-snapshots/master/lts/22/8.yaml
  original: lts-22.8
